// !$*UTF8*$!
{
	archiveVersion = 1;
	classes = {
	};
	objectVersion = 56;
	objects = {

/* Begin PBXBuildFile section */
		111C9E702A963C2B00B14541 /* UITextField+extension.swift in Sources */ = {isa = PBXBuildFile; fileRef = 111C9E6F2A963C2B00B14541 /* UITextField+extension.swift */; };
		111C9E722A963C6B00B14541 /* UIImageView+extension.swift in Sources */ = {isa = PBXBuildFile; fileRef = 111C9E712A963C6B00B14541 /* UIImageView+extension.swift */; };
		111C9E742A965A0600B14541 /* LoginViewModel.swift in Sources */ = {isa = PBXBuildFile; fileRef = 111C9E732A965A0600B14541 /* LoginViewModel.swift */; };
		111C9E772A965B7E00B14541 /* BaseResponse.swift in Sources */ = {isa = PBXBuildFile; fileRef = 111C9E762A965B7E00B14541 /* BaseResponse.swift */; };
		111C9E7A2A965DC000B14541 /* Login.swift in Sources */ = {isa = PBXBuildFile; fileRef = 111C9E792A965DC000B14541 /* Login.swift */; };
		112E34CB2AD5AAD400BC8B7E /* Home.storyboard in Resources */ = {isa = PBXBuildFile; fileRef = 112E34CA2AD5AAD400BC8B7E /* Home.storyboard */; };
		112E34CD2AD5AAE500BC8B7E /* HomeVC.swift in Sources */ = {isa = PBXBuildFile; fileRef = 112E34CC2AD5AAE500BC8B7E /* HomeVC.swift */; };
		112E34CF2AD5AAF500BC8B7E /* HomeViewModel.swift in Sources */ = {isa = PBXBuildFile; fileRef = 112E34CE2AD5AAF500BC8B7E /* HomeViewModel.swift */; };
		112E34D12AD5ACA500BC8B7E /* Products.swift in Sources */ = {isa = PBXBuildFile; fileRef = 112E34D02AD5ACA500BC8B7E /* Products.swift */; };
		112E34D32AD5AEF500BC8B7E /* HomeCoordinator.swift in Sources */ = {isa = PBXBuildFile; fileRef = 112E34D22AD5AEF500BC8B7E /* HomeCoordinator.swift */; };
		112E34D62AD5BCDE00BC8B7E /* Categories.swift in Sources */ = {isa = PBXBuildFile; fileRef = 112E34D52AD5BCDE00BC8B7E /* Categories.swift */; };
		114421262A9394EE00A59805 /* AppDelegate.swift in Sources */ = {isa = PBXBuildFile; fileRef = 114421252A9394EE00A59805 /* AppDelegate.swift */; };
		114421282A9394EE00A59805 /* SceneDelegate.swift in Sources */ = {isa = PBXBuildFile; fileRef = 114421272A9394EE00A59805 /* SceneDelegate.swift */; };
		1144212A2A9394EE00A59805 /* ViewController.swift in Sources */ = {isa = PBXBuildFile; fileRef = 114421292A9394EE00A59805 /* ViewController.swift */; };
		1144212D2A9394EE00A59805 /* Main.storyboard in Resources */ = {isa = PBXBuildFile; fileRef = 1144212B2A9394EE00A59805 /* Main.storyboard */; };
		1144212F2A9394EF00A59805 /* Assets.xcassets in Resources */ = {isa = PBXBuildFile; fileRef = 1144212E2A9394EF00A59805 /* Assets.xcassets */; };
		114421322A9394EF00A59805 /* LaunchScreen.storyboard in Resources */ = {isa = PBXBuildFile; fileRef = 114421302A9394EF00A59805 /* LaunchScreen.storyboard */; };
		1144214E2A93984100A59805 /* Dynamics.swift in Sources */ = {isa = PBXBuildFile; fileRef = 1144213A2A93984100A59805 /* Dynamics.swift */; };
		116D83CF2A939AA2002D93DE /* KeychainHelper.swift in Sources */ = {isa = PBXBuildFile; fileRef = 116D83CE2A939AA2002D93DE /* KeychainHelper.swift */; };
		116D83E62A939AC4002D93DE /* AppConstants.swift in Sources */ = {isa = PBXBuildFile; fileRef = 116D83DD2A939AC4002D93DE /* AppConstants.swift */; };
		116D83E72A939AC4002D93DE /* APIManager+ErrorHandler.swift in Sources */ = {isa = PBXBuildFile; fileRef = 116D83DF2A939AC4002D93DE /* APIManager+ErrorHandler.swift */; };
		116D83E82A939AC4002D93DE /* APIManager+EndPoints.swift in Sources */ = {isa = PBXBuildFile; fileRef = 116D83E02A939AC4002D93DE /* APIManager+EndPoints.swift */; };
		116D83E92A939AC4002D93DE /* APIManager.swift in Sources */ = {isa = PBXBuildFile; fileRef = 116D83E12A939AC4002D93DE /* APIManager.swift */; };
		116D83EB2A939AC4002D93DE /* APIManager+Request.swift in Sources */ = {isa = PBXBuildFile; fileRef = 116D83E32A939AC4002D93DE /* APIManager+Request.swift */; };
		116D83ED2A939AC4002D93DE /* APIManager+Error.swift in Sources */ = {isa = PBXBuildFile; fileRef = 116D83E52A939AC4002D93DE /* APIManager+Error.swift */; };
		116D83EF2A939B4B002D93DE /* APIManager+Inerceptor.swift in Sources */ = {isa = PBXBuildFile; fileRef = 116D83EE2A939B4B002D93DE /* APIManager+Inerceptor.swift */; };
		116D83F62A939B70002D93DE /* UIColor+extentions.swift in Sources */ = {isa = PBXBuildFile; fileRef = 116D83F12A939B70002D93DE /* UIColor+extentions.swift */; };
		116D83F72A939B70002D93DE /* NumberFormat+extension.swift in Sources */ = {isa = PBXBuildFile; fileRef = 116D83F22A939B70002D93DE /* NumberFormat+extension.swift */; };
		116D83F82A939B70002D93DE /* UIViewController+extentions.swift in Sources */ = {isa = PBXBuildFile; fileRef = 116D83F32A939B70002D93DE /* UIViewController+extentions.swift */; };
		116D83F92A939B70002D93DE /* TimeInterval+extension.swift in Sources */ = {isa = PBXBuildFile; fileRef = 116D83F42A939B70002D93DE /* TimeInterval+extension.swift */; };
		116D83FA2A939B70002D93DE /* URL+extentions.swift in Sources */ = {isa = PBXBuildFile; fileRef = 116D83F52A939B70002D93DE /* URL+extentions.swift */; };
		116D83FF2A93A1F6002D93DE /* AppCoordinator.swift in Sources */ = {isa = PBXBuildFile; fileRef = 116D83FC2A93A1F6002D93DE /* AppCoordinator.swift */; };
		116D84002A93A1F6002D93DE /* Coordinator.swift in Sources */ = {isa = PBXBuildFile; fileRef = 116D83FD2A93A1F6002D93DE /* Coordinator.swift */; };
		116D84012A93A1F6002D93DE /* Storyboarded.swift in Sources */ = {isa = PBXBuildFile; fileRef = 116D83FE2A93A1F6002D93DE /* Storyboarded.swift */; };
		116D84042A93A382002D93DE /* AuthCoordinator.swift in Sources */ = {isa = PBXBuildFile; fileRef = 116D84032A93A382002D93DE /* AuthCoordinator.swift */; };
		116D840A2A93A49A002D93DE /* Auth.storyboard in Resources */ = {isa = PBXBuildFile; fileRef = 116D84092A93A49A002D93DE /* Auth.storyboard */; };
		116D840C2A93A4B5002D93DE /* AuthVC.swift in Sources */ = {isa = PBXBuildFile; fileRef = 116D840B2A93A4B5002D93DE /* AuthVC.swift */; };
		117B88072AD66467002DEC7A /* CategoryCollectionCell.swift in Sources */ = {isa = PBXBuildFile; fileRef = 117B88062AD66467002DEC7A /* CategoryCollectionCell.swift */; };
		117B88092AD668DD002DEC7A /* Slider.swift in Sources */ = {isa = PBXBuildFile; fileRef = 117B88082AD668DD002DEC7A /* Slider.swift */; };
		117B880B2AD66933002DEC7A /* SliderCollectionViewCell.swift in Sources */ = {isa = PBXBuildFile; fileRef = 117B880A2AD66933002DEC7A /* SliderCollectionViewCell.swift */; };
		117B880F2AD66FFD002DEC7A /* ProductCollectionViewHeader.swift in Sources */ = {isa = PBXBuildFile; fileRef = 117B880D2AD66FFD002DEC7A /* ProductCollectionViewHeader.swift */; };
		117B88102AD66FFD002DEC7A /* ProductCollectionViewHeader.xib in Resources */ = {isa = PBXBuildFile; fileRef = 117B880E2AD66FFD002DEC7A /* ProductCollectionViewHeader.xib */; };
		117B88132AD67358002DEC7A /* ProductsTableViewCell.swift in Sources */ = {isa = PBXBuildFile; fileRef = 117B88122AD67358002DEC7A /* ProductsTableViewCell.swift */; };
		117B88152AD673C8002DEC7A /* ProductCollectionViewCell.swift in Sources */ = {isa = PBXBuildFile; fileRef = 117B88142AD673C8002DEC7A /* ProductCollectionViewCell.swift */; };
		11A86E9C2AD6D10D00529633 /* SignUp.storyboard in Resources */ = {isa = PBXBuildFile; fileRef = 11A86E9B2AD6D10D00529633 /* SignUp.storyboard */; };
		11A86E9E2AD6D21800529633 /* SignUpCoordinator.swift in Sources */ = {isa = PBXBuildFile; fileRef = 11A86E9D2AD6D21800529633 /* SignUpCoordinator.swift */; };
		11A86EA02AD6D5DD00529633 /* UIButton+Extenstion.swift in Sources */ = {isa = PBXBuildFile; fileRef = 11A86E9F2AD6D5DD00529633 /* UIButton+Extenstion.swift */; };
		11A86EA22AD6D6CC00529633 /* SignUpViewController.swift in Sources */ = {isa = PBXBuildFile; fileRef = 11A86EA12AD6D6CC00529633 /* SignUpViewController.swift */; };
		11A86EA42AD6E56700529633 /* SignUpViewModel.swift in Sources */ = {isa = PBXBuildFile; fileRef = 11A86EA32AD6E56700529633 /* SignUpViewModel.swift */; };
		11A86EA62AD6E6AE00529633 /* SignUp.swift in Sources */ = {isa = PBXBuildFile; fileRef = 11A86EA52AD6E6AE00529633 /* SignUp.swift */; };
		7E09A4E34FF2B1AE48DEBCE1 /* Pods_E_Commerce.framework in Frameworks */ = {isa = PBXBuildFile; fileRef = 9ADF5597B44208AA339BA9DC /* Pods_E_Commerce.framework */; };
/* End PBXBuildFile section */

/* Begin PBXFileReference section */
		111C9E6F2A963C2B00B14541 /* UITextField+extension.swift */ = {isa = PBXFileReference; lastKnownFileType = sourcecode.swift; path = "UITextField+extension.swift"; sourceTree = "<group>"; };
		111C9E712A963C6B00B14541 /* UIImageView+extension.swift */ = {isa = PBXFileReference; lastKnownFileType = sourcecode.swift; path = "UIImageView+extension.swift"; sourceTree = "<group>"; };
		111C9E732A965A0600B14541 /* LoginViewModel.swift */ = {isa = PBXFileReference; lastKnownFileType = sourcecode.swift; path = LoginViewModel.swift; sourceTree = "<group>"; };
		111C9E762A965B7E00B14541 /* BaseResponse.swift */ = {isa = PBXFileReference; lastKnownFileType = sourcecode.swift; path = BaseResponse.swift; sourceTree = "<group>"; };
		111C9E792A965DC000B14541 /* Login.swift */ = {isa = PBXFileReference; lastKnownFileType = sourcecode.swift; path = Login.swift; sourceTree = "<group>"; };
		112E34CA2AD5AAD400BC8B7E /* Home.storyboard */ = {isa = PBXFileReference; lastKnownFileType = file.storyboard; path = Home.storyboard; sourceTree = "<group>"; };
		112E34CC2AD5AAE500BC8B7E /* HomeVC.swift */ = {isa = PBXFileReference; lastKnownFileType = sourcecode.swift; path = HomeVC.swift; sourceTree = "<group>"; };
		112E34CE2AD5AAF500BC8B7E /* HomeViewModel.swift */ = {isa = PBXFileReference; lastKnownFileType = sourcecode.swift; path = HomeViewModel.swift; sourceTree = "<group>"; };
		112E34D02AD5ACA500BC8B7E /* Products.swift */ = {isa = PBXFileReference; lastKnownFileType = sourcecode.swift; path = Products.swift; sourceTree = "<group>"; };
		112E34D22AD5AEF500BC8B7E /* HomeCoordinator.swift */ = {isa = PBXFileReference; lastKnownFileType = sourcecode.swift; path = HomeCoordinator.swift; sourceTree = "<group>"; };
		112E34D52AD5BCDE00BC8B7E /* Categories.swift */ = {isa = PBXFileReference; lastKnownFileType = sourcecode.swift; path = Categories.swift; sourceTree = "<group>"; };
		114421222A9394EE00A59805 /* E-Commerce.app */ = {isa = PBXFileReference; explicitFileType = wrapper.application; includeInIndex = 0; path = "E-Commerce.app"; sourceTree = BUILT_PRODUCTS_DIR; };
		114421252A9394EE00A59805 /* AppDelegate.swift */ = {isa = PBXFileReference; lastKnownFileType = sourcecode.swift; path = AppDelegate.swift; sourceTree = "<group>"; };
		114421272A9394EE00A59805 /* SceneDelegate.swift */ = {isa = PBXFileReference; lastKnownFileType = sourcecode.swift; path = SceneDelegate.swift; sourceTree = "<group>"; };
		114421292A9394EE00A59805 /* ViewController.swift */ = {isa = PBXFileReference; lastKnownFileType = sourcecode.swift; path = ViewController.swift; sourceTree = "<group>"; };
		1144212C2A9394EE00A59805 /* Base */ = {isa = PBXFileReference; lastKnownFileType = file.storyboard; name = Base; path = Base.lproj/Main.storyboard; sourceTree = "<group>"; };
		1144212E2A9394EF00A59805 /* Assets.xcassets */ = {isa = PBXFileReference; lastKnownFileType = folder.assetcatalog; path = Assets.xcassets; sourceTree = "<group>"; };
		114421312A9394EF00A59805 /* Base */ = {isa = PBXFileReference; lastKnownFileType = file.storyboard; name = Base; path = Base.lproj/LaunchScreen.storyboard; sourceTree = "<group>"; };
		114421332A9394EF00A59805 /* Info.plist */ = {isa = PBXFileReference; lastKnownFileType = text.plist.xml; path = Info.plist; sourceTree = "<group>"; };
		1144213A2A93984100A59805 /* Dynamics.swift */ = {isa = PBXFileReference; fileEncoding = 4; lastKnownFileType = sourcecode.swift; path = Dynamics.swift; sourceTree = "<group>"; };
		116D83CE2A939AA2002D93DE /* KeychainHelper.swift */ = {isa = PBXFileReference; fileEncoding = 4; lastKnownFileType = sourcecode.swift; path = KeychainHelper.swift; sourceTree = "<group>"; };
		116D83DD2A939AC4002D93DE /* AppConstants.swift */ = {isa = PBXFileReference; fileEncoding = 4; lastKnownFileType = sourcecode.swift; path = AppConstants.swift; sourceTree = "<group>"; };
		116D83DF2A939AC4002D93DE /* APIManager+ErrorHandler.swift */ = {isa = PBXFileReference; fileEncoding = 4; lastKnownFileType = sourcecode.swift; path = "APIManager+ErrorHandler.swift"; sourceTree = "<group>"; };
		116D83E02A939AC4002D93DE /* APIManager+EndPoints.swift */ = {isa = PBXFileReference; fileEncoding = 4; lastKnownFileType = sourcecode.swift; path = "APIManager+EndPoints.swift"; sourceTree = "<group>"; };
		116D83E12A939AC4002D93DE /* APIManager.swift */ = {isa = PBXFileReference; fileEncoding = 4; lastKnownFileType = sourcecode.swift; path = APIManager.swift; sourceTree = "<group>"; };
		116D83E32A939AC4002D93DE /* APIManager+Request.swift */ = {isa = PBXFileReference; fileEncoding = 4; lastKnownFileType = sourcecode.swift; path = "APIManager+Request.swift"; sourceTree = "<group>"; };
		116D83E52A939AC4002D93DE /* APIManager+Error.swift */ = {isa = PBXFileReference; fileEncoding = 4; lastKnownFileType = sourcecode.swift; path = "APIManager+Error.swift"; sourceTree = "<group>"; };
		116D83EE2A939B4B002D93DE /* APIManager+Inerceptor.swift */ = {isa = PBXFileReference; fileEncoding = 4; lastKnownFileType = sourcecode.swift; path = "APIManager+Inerceptor.swift"; sourceTree = "<group>"; };
		116D83F12A939B70002D93DE /* UIColor+extentions.swift */ = {isa = PBXFileReference; fileEncoding = 4; lastKnownFileType = sourcecode.swift; path = "UIColor+extentions.swift"; sourceTree = "<group>"; };
		116D83F22A939B70002D93DE /* NumberFormat+extension.swift */ = {isa = PBXFileReference; fileEncoding = 4; lastKnownFileType = sourcecode.swift; path = "NumberFormat+extension.swift"; sourceTree = "<group>"; };
		116D83F32A939B70002D93DE /* UIViewController+extentions.swift */ = {isa = PBXFileReference; fileEncoding = 4; lastKnownFileType = sourcecode.swift; path = "UIViewController+extentions.swift"; sourceTree = "<group>"; };
		116D83F42A939B70002D93DE /* TimeInterval+extension.swift */ = {isa = PBXFileReference; fileEncoding = 4; lastKnownFileType = sourcecode.swift; path = "TimeInterval+extension.swift"; sourceTree = "<group>"; };
		116D83F52A939B70002D93DE /* URL+extentions.swift */ = {isa = PBXFileReference; fileEncoding = 4; lastKnownFileType = sourcecode.swift; path = "URL+extentions.swift"; sourceTree = "<group>"; };
		116D83FC2A93A1F6002D93DE /* AppCoordinator.swift */ = {isa = PBXFileReference; fileEncoding = 4; lastKnownFileType = sourcecode.swift; path = AppCoordinator.swift; sourceTree = "<group>"; };
		116D83FD2A93A1F6002D93DE /* Coordinator.swift */ = {isa = PBXFileReference; fileEncoding = 4; lastKnownFileType = sourcecode.swift; path = Coordinator.swift; sourceTree = "<group>"; };
		116D83FE2A93A1F6002D93DE /* Storyboarded.swift */ = {isa = PBXFileReference; fileEncoding = 4; lastKnownFileType = sourcecode.swift; path = Storyboarded.swift; sourceTree = "<group>"; };
		116D84032A93A382002D93DE /* AuthCoordinator.swift */ = {isa = PBXFileReference; lastKnownFileType = sourcecode.swift; path = AuthCoordinator.swift; sourceTree = "<group>"; };
		116D84092A93A49A002D93DE /* Auth.storyboard */ = {isa = PBXFileReference; lastKnownFileType = file.storyboard; path = Auth.storyboard; sourceTree = "<group>"; };
		116D840B2A93A4B5002D93DE /* AuthVC.swift */ = {isa = PBXFileReference; lastKnownFileType = sourcecode.swift; path = AuthVC.swift; sourceTree = "<group>"; };
		117B88062AD66467002DEC7A /* CategoryCollectionCell.swift */ = {isa = PBXFileReference; lastKnownFileType = sourcecode.swift; path = CategoryCollectionCell.swift; sourceTree = "<group>"; };
		117B88082AD668DD002DEC7A /* Slider.swift */ = {isa = PBXFileReference; lastKnownFileType = sourcecode.swift; path = Slider.swift; sourceTree = "<group>"; };
		117B880A2AD66933002DEC7A /* SliderCollectionViewCell.swift */ = {isa = PBXFileReference; lastKnownFileType = sourcecode.swift; path = SliderCollectionViewCell.swift; sourceTree = "<group>"; };
		117B880D2AD66FFD002DEC7A /* ProductCollectionViewHeader.swift */ = {isa = PBXFileReference; lastKnownFileType = sourcecode.swift; path = ProductCollectionViewHeader.swift; sourceTree = "<group>"; };
		117B880E2AD66FFD002DEC7A /* ProductCollectionViewHeader.xib */ = {isa = PBXFileReference; lastKnownFileType = file.xib; path = ProductCollectionViewHeader.xib; sourceTree = "<group>"; };
		117B88122AD67358002DEC7A /* ProductsTableViewCell.swift */ = {isa = PBXFileReference; lastKnownFileType = sourcecode.swift; path = ProductsTableViewCell.swift; sourceTree = "<group>"; };
		117B88142AD673C8002DEC7A /* ProductCollectionViewCell.swift */ = {isa = PBXFileReference; lastKnownFileType = sourcecode.swift; path = ProductCollectionViewCell.swift; sourceTree = "<group>"; };
		11A86E9B2AD6D10D00529633 /* SignUp.storyboard */ = {isa = PBXFileReference; lastKnownFileType = file.storyboard; path = SignUp.storyboard; sourceTree = "<group>"; };
		11A86E9D2AD6D21800529633 /* SignUpCoordinator.swift */ = {isa = PBXFileReference; lastKnownFileType = sourcecode.swift; path = SignUpCoordinator.swift; sourceTree = "<group>"; };
		11A86E9F2AD6D5DD00529633 /* UIButton+Extenstion.swift */ = {isa = PBXFileReference; lastKnownFileType = sourcecode.swift; path = "UIButton+Extenstion.swift"; sourceTree = "<group>"; };
		11A86EA12AD6D6CC00529633 /* SignUpViewController.swift */ = {isa = PBXFileReference; lastKnownFileType = sourcecode.swift; path = SignUpViewController.swift; sourceTree = "<group>"; };
		11A86EA32AD6E56700529633 /* SignUpViewModel.swift */ = {isa = PBXFileReference; lastKnownFileType = sourcecode.swift; path = SignUpViewModel.swift; sourceTree = "<group>"; };
		11A86EA52AD6E6AE00529633 /* SignUp.swift */ = {isa = PBXFileReference; lastKnownFileType = sourcecode.swift; path = SignUp.swift; sourceTree = "<group>"; };
		6B26E751580701162A2D733B /* Pods-E-Commerce.debug.xcconfig */ = {isa = PBXFileReference; includeInIndex = 1; lastKnownFileType = text.xcconfig; name = "Pods-E-Commerce.debug.xcconfig"; path = "Target Support Files/Pods-E-Commerce/Pods-E-Commerce.debug.xcconfig"; sourceTree = "<group>"; };
		9ADF5597B44208AA339BA9DC /* Pods_E_Commerce.framework */ = {isa = PBXFileReference; explicitFileType = wrapper.framework; includeInIndex = 0; path = Pods_E_Commerce.framework; sourceTree = BUILT_PRODUCTS_DIR; };
		F0C4A0E8CB60AC0B6583D861 /* Pods-E-Commerce.release.xcconfig */ = {isa = PBXFileReference; includeInIndex = 1; lastKnownFileType = text.xcconfig; name = "Pods-E-Commerce.release.xcconfig"; path = "Target Support Files/Pods-E-Commerce/Pods-E-Commerce.release.xcconfig"; sourceTree = "<group>"; };
/* End PBXFileReference section */

/* Begin PBXFrameworksBuildPhase section */
		1144211F2A9394EE00A59805 /* Frameworks */ = {
			isa = PBXFrameworksBuildPhase;
			buildActionMask = 2147483647;
			files = (
				7E09A4E34FF2B1AE48DEBCE1 /* Pods_E_Commerce.framework in Frameworks */,
			);
			runOnlyForDeploymentPostprocessing = 0;
		};
/* End PBXFrameworksBuildPhase section */

/* Begin PBXGroup section */
		111C9E752A965A1D00B14541 /* Models */ = {
			isa = PBXGroup;
			children = (
				111C9E762A965B7E00B14541 /* BaseResponse.swift */,
			);
			path = Models;
			sourceTree = "<group>";
		};
		111C9E782A965D8300B14541 /* Model */ = {
			isa = PBXGroup;
			children = (
				111C9E792A965DC000B14541 /* Login.swift */,
			);
			path = Model;
			sourceTree = "<group>";
		};
		112E34C52AD5AAA900BC8B7E /* Home */ = {
			isa = PBXGroup;
			children = (
				117B88112AD67337002DEC7A /* TableViewCell */,
				117B88052AD66437002DEC7A /* CollectionViewCell */,
				112E34C92AD5AAC900BC8B7E /* View */,
				112E34C82AD5AAC300BC8B7E /* Controller */,
				112E34C72AD5AAB800BC8B7E /* ViewModel */,
				112E34C62AD5AAB300BC8B7E /* Model */,
			);
			path = Home;
			sourceTree = "<group>";
		};
		112E34C62AD5AAB300BC8B7E /* Model */ = {
			isa = PBXGroup;
			children = (
				112E34D42AD5BCD300BC8B7E /* Local */,
				112E34D02AD5ACA500BC8B7E /* Products.swift */,
			);
			path = Model;
			sourceTree = "<group>";
		};
		112E34C72AD5AAB800BC8B7E /* ViewModel */ = {
			isa = PBXGroup;
			children = (
				112E34CE2AD5AAF500BC8B7E /* HomeViewModel.swift */,
			);
			path = ViewModel;
			sourceTree = "<group>";
		};
		112E34C82AD5AAC300BC8B7E /* Controller */ = {
			isa = PBXGroup;
			children = (
				112E34CC2AD5AAE500BC8B7E /* HomeVC.swift */,
			);
			path = Controller;
			sourceTree = "<group>";
		};
		112E34C92AD5AAC900BC8B7E /* View */ = {
			isa = PBXGroup;
			children = (
				112E34CA2AD5AAD400BC8B7E /* Home.storyboard */,
			);
			path = View;
			sourceTree = "<group>";
		};
		112E34D42AD5BCD300BC8B7E /* Local */ = {
			isa = PBXGroup;
			children = (
				112E34D52AD5BCDE00BC8B7E /* Categories.swift */,
				117B88082AD668DD002DEC7A /* Slider.swift */,
			);
			path = Local;
			sourceTree = "<group>";
		};
		114421192A9394EE00A59805 = {
			isa = PBXGroup;
			children = (
				114421242A9394EE00A59805 /* E-Commerce */,
				114421232A9394EE00A59805 /* Products */,
				6D750FA932F098774FF1615F /* Pods */,
				E19B95AFB26A878925054DFF /* Frameworks */,
			);
			sourceTree = "<group>";
		};
		114421232A9394EE00A59805 /* Products */ = {
			isa = PBXGroup;
			children = (
				114421222A9394EE00A59805 /* E-Commerce.app */,
			);
			name = Products;
			sourceTree = "<group>";
		};
		114421242A9394EE00A59805 /* E-Commerce */ = {
			isa = PBXGroup;
			children = (
				111C9E752A965A1D00B14541 /* Models */,
				116D84052A93A479002D93DE /* Module */,
				116D83FB2A93A1DB002D93DE /* Coordinator */,
				116D83F02A939B70002D93DE /* Extentions */,
				116D83DE2A939AC4002D93DE /* Network Layer */,
				116D83DC2A939AC4002D93DE /* Utils */,
				116D83CD2A939AA2002D93DE /* Helpers */,
				114421392A93984100A59805 /* Dynamics */,
				114421252A9394EE00A59805 /* AppDelegate.swift */,
				114421272A9394EE00A59805 /* SceneDelegate.swift */,
				114421292A9394EE00A59805 /* ViewController.swift */,
				1144212B2A9394EE00A59805 /* Main.storyboard */,
				1144212E2A9394EF00A59805 /* Assets.xcassets */,
				114421302A9394EF00A59805 /* LaunchScreen.storyboard */,
				114421332A9394EF00A59805 /* Info.plist */,
			);
			path = "E-Commerce";
			sourceTree = "<group>";
		};
		114421392A93984100A59805 /* Dynamics */ = {
			isa = PBXGroup;
			children = (
				1144213A2A93984100A59805 /* Dynamics.swift */,
			);
			path = Dynamics;
			sourceTree = "<group>";
		};
		116D83CD2A939AA2002D93DE /* Helpers */ = {
			isa = PBXGroup;
			children = (
				116D83CE2A939AA2002D93DE /* KeychainHelper.swift */,
			);
			path = Helpers;
			sourceTree = "<group>";
		};
		116D83DC2A939AC4002D93DE /* Utils */ = {
			isa = PBXGroup;
			children = (
				116D83DD2A939AC4002D93DE /* AppConstants.swift */,
			);
			path = Utils;
			sourceTree = "<group>";
		};
		116D83DE2A939AC4002D93DE /* Network Layer */ = {
			isa = PBXGroup;
			children = (
				116D83DF2A939AC4002D93DE /* APIManager+ErrorHandler.swift */,
				116D83E02A939AC4002D93DE /* APIManager+EndPoints.swift */,
				116D83EE2A939B4B002D93DE /* APIManager+Inerceptor.swift */,
				116D83E12A939AC4002D93DE /* APIManager.swift */,
				116D83E32A939AC4002D93DE /* APIManager+Request.swift */,
				116D83E52A939AC4002D93DE /* APIManager+Error.swift */,
			);
			path = "Network Layer";
			sourceTree = "<group>";
		};
		116D83F02A939B70002D93DE /* Extentions */ = {
			isa = PBXGroup;
			children = (
				116D83F12A939B70002D93DE /* UIColor+extentions.swift */,
				116D83F22A939B70002D93DE /* NumberFormat+extension.swift */,
				116D83F32A939B70002D93DE /* UIViewController+extentions.swift */,
				116D83F42A939B70002D93DE /* TimeInterval+extension.swift */,
				116D83F52A939B70002D93DE /* URL+extentions.swift */,
				111C9E6F2A963C2B00B14541 /* UITextField+extension.swift */,
				111C9E712A963C6B00B14541 /* UIImageView+extension.swift */,
				11A86E9F2AD6D5DD00529633 /* UIButton+Extenstion.swift */,
			);
			path = Extentions;
			sourceTree = "<group>";
		};
		116D83FB2A93A1DB002D93DE /* Coordinator */ = {
			isa = PBXGroup;
			children = (
				116D83FC2A93A1F6002D93DE /* AppCoordinator.swift */,
				116D83FD2A93A1F6002D93DE /* Coordinator.swift */,
				116D83FE2A93A1F6002D93DE /* Storyboarded.swift */,
				116D84032A93A382002D93DE /* AuthCoordinator.swift */,
				112E34D22AD5AEF500BC8B7E /* HomeCoordinator.swift */,
				11A86E9D2AD6D21800529633 /* SignUpCoordinator.swift */,
			);
			path = Coordinator;
			sourceTree = "<group>";
		};
		116D84052A93A479002D93DE /* Module */ = {
			isa = PBXGroup;
			children = (
				11A86E942AD6D09800529633 /* SignUp */,
				112E34C52AD5AAA900BC8B7E /* Home */,
				116D840D2A93A4BA002D93DE /* Login */,
			);
			path = Module;
			sourceTree = "<group>";
		};
		116D84062A93A480002D93DE /* View */ = {
			isa = PBXGroup;
			children = (
				116D84092A93A49A002D93DE /* Auth.storyboard */,
			);
			path = View;
			sourceTree = "<group>";
		};
		116D84072A93A484002D93DE /* Controller */ = {
			isa = PBXGroup;
			children = (
				116D840B2A93A4B5002D93DE /* AuthVC.swift */,
			);
			path = Controller;
			sourceTree = "<group>";
		};
		116D84082A93A48D002D93DE /* ViewModel */ = {
			isa = PBXGroup;
			children = (
				111C9E732A965A0600B14541 /* LoginViewModel.swift */,
			);
			path = ViewModel;
			sourceTree = "<group>";
		};
		116D840D2A93A4BA002D93DE /* Login */ = {
			isa = PBXGroup;
			children = (
				111C9E782A965D8300B14541 /* Model */,
				116D84082A93A48D002D93DE /* ViewModel */,
				116D84072A93A484002D93DE /* Controller */,
				116D84062A93A480002D93DE /* View */,
			);
			path = Login;
			sourceTree = "<group>";
		};
		117B88052AD66437002DEC7A /* CollectionViewCell */ = {
			isa = PBXGroup;
			children = (
				117B880C2AD66FC4002DEC7A /* Header */,
				117B88062AD66467002DEC7A /* CategoryCollectionCell.swift */,
				117B880A2AD66933002DEC7A /* SliderCollectionViewCell.swift */,
				117B88142AD673C8002DEC7A /* ProductCollectionViewCell.swift */,
			);
			path = CollectionViewCell;
			sourceTree = "<group>";
		};
		117B880C2AD66FC4002DEC7A /* Header */ = {
			isa = PBXGroup;
			children = (
				117B880D2AD66FFD002DEC7A /* ProductCollectionViewHeader.swift */,
				117B880E2AD66FFD002DEC7A /* ProductCollectionViewHeader.xib */,
			);
			path = Header;
			sourceTree = "<group>";
		};
		117B88112AD67337002DEC7A /* TableViewCell */ = {
			isa = PBXGroup;
			children = (
				117B88122AD67358002DEC7A /* ProductsTableViewCell.swift */,
			);
			path = TableViewCell;
			sourceTree = "<group>";
		};
		11A86E942AD6D09800529633 /* SignUp */ = {
			isa = PBXGroup;
			children = (
				11A86E982AD6D0E800529633 /* Model */,
				11A86E972AD6D0E200529633 /* Controller */,
				11A86E962AD6D0D900529633 /* ViewModel */,
				11A86E952AD6D0B700529633 /* View */,
			);
			path = SignUp;
			sourceTree = "<group>";
		};
		11A86E952AD6D0B700529633 /* View */ = {
			isa = PBXGroup;
			children = (
				11A86E9B2AD6D10D00529633 /* SignUp.storyboard */,
			);
			path = View;
			sourceTree = "<group>";
		};
		11A86E962AD6D0D900529633 /* ViewModel */ = {
			isa = PBXGroup;
			children = (
				11A86EA32AD6E56700529633 /* SignUpViewModel.swift */,
			);
			path = ViewModel;
			sourceTree = "<group>";
		};
		11A86E972AD6D0E200529633 /* Controller */ = {
			isa = PBXGroup;
			children = (
				11A86EA12AD6D6CC00529633 /* SignUpViewController.swift */,
			);
			path = Controller;
			sourceTree = "<group>";
		};
		11A86E982AD6D0E800529633 /* Model */ = {
			isa = PBXGroup;
			children = (
				11A86EA52AD6E6AE00529633 /* SignUp.swift */,
			);
			path = Model;
			sourceTree = "<group>";
		};
		6D750FA932F098774FF1615F /* Pods */ = {
			isa = PBXGroup;
			children = (
				6B26E751580701162A2D733B /* Pods-E-Commerce.debug.xcconfig */,
				F0C4A0E8CB60AC0B6583D861 /* Pods-E-Commerce.release.xcconfig */,
			);
			path = Pods;
			sourceTree = "<group>";
		};
		E19B95AFB26A878925054DFF /* Frameworks */ = {
			isa = PBXGroup;
			children = (
				9ADF5597B44208AA339BA9DC /* Pods_E_Commerce.framework */,
			);
			name = Frameworks;
			sourceTree = "<group>";
		};
/* End PBXGroup section */

/* Begin PBXNativeTarget section */
		114421212A9394EE00A59805 /* E-Commerce */ = {
			isa = PBXNativeTarget;
			buildConfigurationList = 114421362A9394EF00A59805 /* Build configuration list for PBXNativeTarget "E-Commerce" */;
			buildPhases = (
				B9A59BF6ACB78F0A0E4DF57A /* [CP] Check Pods Manifest.lock */,
				1144211E2A9394EE00A59805 /* Sources */,
				1144211F2A9394EE00A59805 /* Frameworks */,
				114421202A9394EE00A59805 /* Resources */,
				53044B0498B3ABDE8E05DB2D /* [CP] Embed Pods Frameworks */,
			);
			buildRules = (
			);
			dependencies = (
			);
			name = "E-Commerce";
			productName = "E-Commerce";
			productReference = 114421222A9394EE00A59805 /* E-Commerce.app */;
			productType = "com.apple.product-type.application";
		};
/* End PBXNativeTarget section */

/* Begin PBXProject section */
		1144211A2A9394EE00A59805 /* Project object */ = {
			isa = PBXProject;
			attributes = {
				BuildIndependentTargetsInParallel = 1;
				LastSwiftUpdateCheck = 1430;
				LastUpgradeCheck = 1430;
				TargetAttributes = {
					114421212A9394EE00A59805 = {
						CreatedOnToolsVersion = 14.3.1;
					};
				};
			};
			buildConfigurationList = 1144211D2A9394EE00A59805 /* Build configuration list for PBXProject "E-Commerce" */;
			compatibilityVersion = "Xcode 14.0";
			developmentRegion = en;
			hasScannedForEncodings = 0;
			knownRegions = (
				en,
				Base,
			);
			mainGroup = 114421192A9394EE00A59805;
			productRefGroup = 114421232A9394EE00A59805 /* Products */;
			projectDirPath = "";
			projectRoot = "";
			targets = (
				114421212A9394EE00A59805 /* E-Commerce */,
			);
		};
/* End PBXProject section */

/* Begin PBXResourcesBuildPhase section */
		114421202A9394EE00A59805 /* Resources */ = {
			isa = PBXResourcesBuildPhase;
			buildActionMask = 2147483647;
			files = (
				116D840A2A93A49A002D93DE /* Auth.storyboard in Resources */,
				112E34CB2AD5AAD400BC8B7E /* Home.storyboard in Resources */,
				114421322A9394EF00A59805 /* LaunchScreen.storyboard in Resources */,
				11A86E9C2AD6D10D00529633 /* SignUp.storyboard in Resources */,
				1144212F2A9394EF00A59805 /* Assets.xcassets in Resources */,
				1144212D2A9394EE00A59805 /* Main.storyboard in Resources */,
				117B88102AD66FFD002DEC7A /* ProductCollectionViewHeader.xib in Resources */,
			);
			runOnlyForDeploymentPostprocessing = 0;
		};
/* End PBXResourcesBuildPhase section */

/* Begin PBXShellScriptBuildPhase section */
		53044B0498B3ABDE8E05DB2D /* [CP] Embed Pods Frameworks */ = {
			isa = PBXShellScriptBuildPhase;
			buildActionMask = 2147483647;
			files = (
			);
			inputFileListPaths = (
				"${PODS_ROOT}/Target Support Files/Pods-E-Commerce/Pods-E-Commerce-frameworks-${CONFIGURATION}-input-files.xcfilelist",
			);
			name = "[CP] Embed Pods Frameworks";
			outputFileListPaths = (
				"${PODS_ROOT}/Target Support Files/Pods-E-Commerce/Pods-E-Commerce-frameworks-${CONFIGURATION}-output-files.xcfilelist",
			);
			runOnlyForDeploymentPostprocessing = 0;
			shellPath = /bin/sh;
			shellScript = "\"${PODS_ROOT}/Target Support Files/Pods-E-Commerce/Pods-E-Commerce-frameworks.sh\"\n";
			showEnvVarsInLog = 0;
		};
		B9A59BF6ACB78F0A0E4DF57A /* [CP] Check Pods Manifest.lock */ = {
			isa = PBXShellScriptBuildPhase;
			buildActionMask = 2147483647;
			files = (
			);
			inputFileListPaths = (
			);
			inputPaths = (
				"${PODS_PODFILE_DIR_PATH}/Podfile.lock",
				"${PODS_ROOT}/Manifest.lock",
			);
			name = "[CP] Check Pods Manifest.lock";
			outputFileListPaths = (
			);
			outputPaths = (
				"$(DERIVED_FILE_DIR)/Pods-E-Commerce-checkManifestLockResult.txt",
			);
			runOnlyForDeploymentPostprocessing = 0;
			shellPath = /bin/sh;
			shellScript = "diff \"${PODS_PODFILE_DIR_PATH}/Podfile.lock\" \"${PODS_ROOT}/Manifest.lock\" > /dev/null\nif [ $? != 0 ] ; then\n    # print error to STDERR\n    echo \"error: The sandbox is not in sync with the Podfile.lock. Run 'pod install' or update your CocoaPods installation.\" >&2\n    exit 1\nfi\n# This output is used by Xcode 'outputs' to avoid re-running this script phase.\necho \"SUCCESS\" > \"${SCRIPT_OUTPUT_FILE_0}\"\n";
			showEnvVarsInLog = 0;
		};
/* End PBXShellScriptBuildPhase section */

/* Begin PBXSourcesBuildPhase section */
		1144211E2A9394EE00A59805 /* Sources */ = {
			isa = PBXSourcesBuildPhase;
			buildActionMask = 2147483647;
			files = (
				116D83E72A939AC4002D93DE /* APIManager+ErrorHandler.swift in Sources */,
				112E34CD2AD5AAE500BC8B7E /* HomeVC.swift in Sources */,
				116D83F72A939B70002D93DE /* NumberFormat+extension.swift in Sources */,
				116D83ED2A939AC4002D93DE /* APIManager+Error.swift in Sources */,
				116D83F92A939B70002D93DE /* TimeInterval+extension.swift in Sources */,
				116D84042A93A382002D93DE /* AuthCoordinator.swift in Sources */,
				116D83E82A939AC4002D93DE /* APIManager+EndPoints.swift in Sources */,
				117B880F2AD66FFD002DEC7A /* ProductCollectionViewHeader.swift in Sources */,
				11A86EA22AD6D6CC00529633 /* SignUpViewController.swift in Sources */,
				116D83FA2A939B70002D93DE /* URL+extentions.swift in Sources */,
				116D84002A93A1F6002D93DE /* Coordinator.swift in Sources */,
				11A86EA02AD6D5DD00529633 /* UIButton+Extenstion.swift in Sources */,
				117B88132AD67358002DEC7A /* ProductsTableViewCell.swift in Sources */,
				117B88072AD66467002DEC7A /* CategoryCollectionCell.swift in Sources */,
				117B880B2AD66933002DEC7A /* SliderCollectionViewCell.swift in Sources */,
				116D84012A93A1F6002D93DE /* Storyboarded.swift in Sources */,
				116D83FF2A93A1F6002D93DE /* AppCoordinator.swift in Sources */,
				111C9E722A963C6B00B14541 /* UIImageView+extension.swift in Sources */,
				1144212A2A9394EE00A59805 /* ViewController.swift in Sources */,
				116D83E92A939AC4002D93DE /* APIManager.swift in Sources */,
				117B88152AD673C8002DEC7A /* ProductCollectionViewCell.swift in Sources */,
				11A86EA62AD6E6AE00529633 /* SignUp.swift in Sources */,
				111C9E742A965A0600B14541 /* LoginViewModel.swift in Sources */,
				112E34CF2AD5AAF500BC8B7E /* HomeViewModel.swift in Sources */,
				116D83F82A939B70002D93DE /* UIViewController+extentions.swift in Sources */,
				112E34D62AD5BCDE00BC8B7E /* Categories.swift in Sources */,
				111C9E7A2A965DC000B14541 /* Login.swift in Sources */,
				116D83EB2A939AC4002D93DE /* APIManager+Request.swift in Sources */,
				116D83E62A939AC4002D93DE /* AppConstants.swift in Sources */,
				1144214E2A93984100A59805 /* Dynamics.swift in Sources */,
				111C9E702A963C2B00B14541 /* UITextField+extension.swift in Sources */,
				116D840C2A93A4B5002D93DE /* AuthVC.swift in Sources */,
				114421262A9394EE00A59805 /* AppDelegate.swift in Sources */,
				116D83EF2A939B4B002D93DE /* APIManager+Inerceptor.swift in Sources */,
				116D83CF2A939AA2002D93DE /* KeychainHelper.swift in Sources */,
				11A86EA42AD6E56700529633 /* SignUpViewModel.swift in Sources */,
				116D83F62A939B70002D93DE /* UIColor+extentions.swift in Sources */,
				112E34D32AD5AEF500BC8B7E /* HomeCoordinator.swift in Sources */,
				117B88092AD668DD002DEC7A /* Slider.swift in Sources */,
				112E34D12AD5ACA500BC8B7E /* Products.swift in Sources */,
				114421282A9394EE00A59805 /* SceneDelegate.swift in Sources */,
				111C9E772A965B7E00B14541 /* BaseResponse.swift in Sources */,
				11A86E9E2AD6D21800529633 /* SignUpCoordinator.swift in Sources */,
			);
			runOnlyForDeploymentPostprocessing = 0;
		};
/* End PBXSourcesBuildPhase section */

/* Begin PBXVariantGroup section */
		1144212B2A9394EE00A59805 /* Main.storyboard */ = {
			isa = PBXVariantGroup;
			children = (
				1144212C2A9394EE00A59805 /* Base */,
			);
			name = Main.storyboard;
			sourceTree = "<group>";
		};
		114421302A9394EF00A59805 /* LaunchScreen.storyboard */ = {
			isa = PBXVariantGroup;
			children = (
				114421312A9394EF00A59805 /* Base */,
			);
			name = LaunchScreen.storyboard;
			sourceTree = "<group>";
		};
/* End PBXVariantGroup section */

/* Begin XCBuildConfiguration section */
		114421342A9394EF00A59805 /* Debug */ = {
			isa = XCBuildConfiguration;
			buildSettings = {
				ALWAYS_SEARCH_USER_PATHS = NO;
				CLANG_ANALYZER_NONNULL = YES;
				CLANG_ANALYZER_NUMBER_OBJECT_CONVERSION = YES_AGGRESSIVE;
				CLANG_CXX_LANGUAGE_STANDARD = "gnu++20";
				CLANG_ENABLE_MODULES = YES;
				CLANG_ENABLE_OBJC_ARC = YES;
				CLANG_ENABLE_OBJC_WEAK = YES;
				CLANG_WARN_BLOCK_CAPTURE_AUTORELEASING = YES;
				CLANG_WARN_BOOL_CONVERSION = YES;
				CLANG_WARN_COMMA = YES;
				CLANG_WARN_CONSTANT_CONVERSION = YES;
				CLANG_WARN_DEPRECATED_OBJC_IMPLEMENTATIONS = YES;
				CLANG_WARN_DIRECT_OBJC_ISA_USAGE = YES_ERROR;
				CLANG_WARN_DOCUMENTATION_COMMENTS = YES;
				CLANG_WARN_EMPTY_BODY = YES;
				CLANG_WARN_ENUM_CONVERSION = YES;
				CLANG_WARN_INFINITE_RECURSION = YES;
				CLANG_WARN_INT_CONVERSION = YES;
				CLANG_WARN_NON_LITERAL_NULL_CONVERSION = YES;
				CLANG_WARN_OBJC_IMPLICIT_RETAIN_SELF = YES;
				CLANG_WARN_OBJC_LITERAL_CONVERSION = YES;
				CLANG_WARN_OBJC_ROOT_CLASS = YES_ERROR;
				CLANG_WARN_QUOTED_INCLUDE_IN_FRAMEWORK_HEADER = YES;
				CLANG_WARN_RANGE_LOOP_ANALYSIS = YES;
				CLANG_WARN_STRICT_PROTOTYPES = YES;
				CLANG_WARN_SUSPICIOUS_MOVE = YES;
				CLANG_WARN_UNGUARDED_AVAILABILITY = YES_AGGRESSIVE;
				CLANG_WARN_UNREACHABLE_CODE = YES;
				CLANG_WARN__DUPLICATE_METHOD_MATCH = YES;
				COPY_PHASE_STRIP = NO;
				DEBUG_INFORMATION_FORMAT = dwarf;
				ENABLE_STRICT_OBJC_MSGSEND = YES;
				ENABLE_TESTABILITY = YES;
				GCC_C_LANGUAGE_STANDARD = gnu11;
				GCC_DYNAMIC_NO_PIC = NO;
				GCC_NO_COMMON_BLOCKS = YES;
				GCC_OPTIMIZATION_LEVEL = 0;
				GCC_PREPROCESSOR_DEFINITIONS = (
					"DEBUG=1",
					"$(inherited)",
				);
				GCC_WARN_64_TO_32_BIT_CONVERSION = YES;
				GCC_WARN_ABOUT_RETURN_TYPE = YES_ERROR;
				GCC_WARN_UNDECLARED_SELECTOR = YES;
				GCC_WARN_UNINITIALIZED_AUTOS = YES_AGGRESSIVE;
				GCC_WARN_UNUSED_FUNCTION = YES;
				GCC_WARN_UNUSED_VARIABLE = YES;
				IPHONEOS_DEPLOYMENT_TARGET = 16.4;
				MTL_ENABLE_DEBUG_INFO = INCLUDE_SOURCE;
				MTL_FAST_MATH = YES;
				ONLY_ACTIVE_ARCH = YES;
				SDKROOT = iphoneos;
				SWIFT_ACTIVE_COMPILATION_CONDITIONS = DEBUG;
				SWIFT_OPTIMIZATION_LEVEL = "-Onone";
			};
			name = Debug;
		};
		114421352A9394EF00A59805 /* Release */ = {
			isa = XCBuildConfiguration;
			buildSettings = {
				ALWAYS_SEARCH_USER_PATHS = NO;
				CLANG_ANALYZER_NONNULL = YES;
				CLANG_ANALYZER_NUMBER_OBJECT_CONVERSION = YES_AGGRESSIVE;
				CLANG_CXX_LANGUAGE_STANDARD = "gnu++20";
				CLANG_ENABLE_MODULES = YES;
				CLANG_ENABLE_OBJC_ARC = YES;
				CLANG_ENABLE_OBJC_WEAK = YES;
				CLANG_WARN_BLOCK_CAPTURE_AUTORELEASING = YES;
				CLANG_WARN_BOOL_CONVERSION = YES;
				CLANG_WARN_COMMA = YES;
				CLANG_WARN_CONSTANT_CONVERSION = YES;
				CLANG_WARN_DEPRECATED_OBJC_IMPLEMENTATIONS = YES;
				CLANG_WARN_DIRECT_OBJC_ISA_USAGE = YES_ERROR;
				CLANG_WARN_DOCUMENTATION_COMMENTS = YES;
				CLANG_WARN_EMPTY_BODY = YES;
				CLANG_WARN_ENUM_CONVERSION = YES;
				CLANG_WARN_INFINITE_RECURSION = YES;
				CLANG_WARN_INT_CONVERSION = YES;
				CLANG_WARN_NON_LITERAL_NULL_CONVERSION = YES;
				CLANG_WARN_OBJC_IMPLICIT_RETAIN_SELF = YES;
				CLANG_WARN_OBJC_LITERAL_CONVERSION = YES;
				CLANG_WARN_OBJC_ROOT_CLASS = YES_ERROR;
				CLANG_WARN_QUOTED_INCLUDE_IN_FRAMEWORK_HEADER = YES;
				CLANG_WARN_RANGE_LOOP_ANALYSIS = YES;
				CLANG_WARN_STRICT_PROTOTYPES = YES;
				CLANG_WARN_SUSPICIOUS_MOVE = YES;
				CLANG_WARN_UNGUARDED_AVAILABILITY = YES_AGGRESSIVE;
				CLANG_WARN_UNREACHABLE_CODE = YES;
				CLANG_WARN__DUPLICATE_METHOD_MATCH = YES;
				COPY_PHASE_STRIP = NO;
				DEBUG_INFORMATION_FORMAT = "dwarf-with-dsym";
				ENABLE_NS_ASSERTIONS = NO;
				ENABLE_STRICT_OBJC_MSGSEND = YES;
				GCC_C_LANGUAGE_STANDARD = gnu11;
				GCC_NO_COMMON_BLOCKS = YES;
				GCC_WARN_64_TO_32_BIT_CONVERSION = YES;
				GCC_WARN_ABOUT_RETURN_TYPE = YES_ERROR;
				GCC_WARN_UNDECLARED_SELECTOR = YES;
				GCC_WARN_UNINITIALIZED_AUTOS = YES_AGGRESSIVE;
				GCC_WARN_UNUSED_FUNCTION = YES;
				GCC_WARN_UNUSED_VARIABLE = YES;
				IPHONEOS_DEPLOYMENT_TARGET = 16.4;
				MTL_ENABLE_DEBUG_INFO = NO;
				MTL_FAST_MATH = YES;
				SDKROOT = iphoneos;
				SWIFT_COMPILATION_MODE = wholemodule;
				SWIFT_OPTIMIZATION_LEVEL = "-O";
				VALIDATE_PRODUCT = YES;
			};
			name = Release;
		};
		114421372A9394EF00A59805 /* Debug */ = {
			isa = XCBuildConfiguration;
			baseConfigurationReference = 6B26E751580701162A2D733B /* Pods-E-Commerce.debug.xcconfig */;
			buildSettings = {
				ASSETCATALOG_COMPILER_APPICON_NAME = AppIcon;
				ASSETCATALOG_COMPILER_GLOBAL_ACCENT_COLOR_NAME = AccentColor;
				CODE_SIGN_STYLE = Automatic;
				CURRENT_PROJECT_VERSION = 1;
				GENERATE_INFOPLIST_FILE = YES;
				INFOPLIST_FILE = "E-Commerce/Info.plist";
				INFOPLIST_KEY_UIApplicationSupportsIndirectInputEvents = YES;
				INFOPLIST_KEY_UILaunchStoryboardName = LaunchScreen;
				INFOPLIST_KEY_UIMainStoryboardFile = Main;
				INFOPLIST_KEY_UISupportedInterfaceOrientations_iPad = "UIInterfaceOrientationPortrait UIInterfaceOrientationPortraitUpsideDown UIInterfaceOrientationLandscapeLeft UIInterfaceOrientationLandscapeRight";
				INFOPLIST_KEY_UISupportedInterfaceOrientations_iPhone = "UIInterfaceOrientationPortrait UIInterfaceOrientationLandscapeLeft UIInterfaceOrientationLandscapeRight";
				LD_RUNPATH_SEARCH_PATHS = (
					"$(inherited)",
					"@executable_path/Frameworks",
				);
				MARKETING_VERSION = 1.0;
				PRODUCT_BUNDLE_IDENTIFIER = "com.devarsh.E-Commerce";
				PRODUCT_NAME = "$(TARGET_NAME)";
				SWIFT_EMIT_LOC_STRINGS = YES;
				SWIFT_VERSION = 5.0;
				TARGETED_DEVICE_FAMILY = "1,2";
			};
			name = Debug;
		};
		114421382A9394EF00A59805 /* Release */ = {
			isa = XCBuildConfiguration;
			baseConfigurationReference = F0C4A0E8CB60AC0B6583D861 /* Pods-E-Commerce.release.xcconfig */;
			buildSettings = {
				ASSETCATALOG_COMPILER_APPICON_NAME = AppIcon;
				ASSETCATALOG_COMPILER_GLOBAL_ACCENT_COLOR_NAME = AccentColor;
				CODE_SIGN_STYLE = Automatic;
				CURRENT_PROJECT_VERSION = 1;
				GENERATE_INFOPLIST_FILE = YES;
				INFOPLIST_FILE = "E-Commerce/Info.plist";
				INFOPLIST_KEY_UIApplicationSupportsIndirectInputEvents = YES;
				INFOPLIST_KEY_UILaunchStoryboardName = LaunchScreen;
				INFOPLIST_KEY_UIMainStoryboardFile = Main;
				INFOPLIST_KEY_UISupportedInterfaceOrientations_iPad = "UIInterfaceOrientationPortrait UIInterfaceOrientationPortraitUpsideDown UIInterfaceOrientationLandscapeLeft UIInterfaceOrientationLandscapeRight";
				INFOPLIST_KEY_UISupportedInterfaceOrientations_iPhone = "UIInterfaceOrientationPortrait UIInterfaceOrientationLandscapeLeft UIInterfaceOrientationLandscapeRight";
				LD_RUNPATH_SEARCH_PATHS = (
					"$(inherited)",
					"@executable_path/Frameworks",
				);
				MARKETING_VERSION = 1.0;
				PRODUCT_BUNDLE_IDENTIFIER = "com.devarsh.E-Commerce";
				PRODUCT_NAME = "$(TARGET_NAME)";
				SWIFT_EMIT_LOC_STRINGS = YES;
				SWIFT_VERSION = 5.0;
				TARGETED_DEVICE_FAMILY = "1,2";
			};
			name = Release;
		};
/* End XCBuildConfiguration section */

/* Begin XCConfigurationList section */
		1144211D2A9394EE00A59805 /* Build configuration list for PBXProject "E-Commerce" */ = {
			isa = XCConfigurationList;
			buildConfigurations = (
				114421342A9394EF00A59805 /* Debug */,
				114421352A9394EF00A59805 /* Release */,
			);
			defaultConfigurationIsVisible = 0;
			defaultConfigurationName = Release;
		};
		114421362A9394EF00A59805 /* Build configuration list for PBXNativeTarget "E-Commerce" */ = {
			isa = XCConfigurationList;
			buildConfigurations = (
				114421372A9394EF00A59805 /* Debug */,
				114421382A9394EF00A59805 /* Release */,
			);
			defaultConfigurationIsVisible = 0;
			defaultConfigurationName = Release;
		};
/* End XCConfigurationList section */
	};
	rootObject = 1144211A2A9394EE00A59805 /* Project object */;
}
